
Microsoft Visual Studio Solution File, Format Version 12.00
# Visual Studio Version 17
VisualStudioVersion = 17.1.32414.318
MinimumVisualStudioVersion = 10.0.40219.1
Project("{2150E333-8FDC-42A3-9474-1A3956D46DE8}") = "Lab1", "Lab1", "{ACF5CA24-7B6E-4664-AA60-F3B71808B427}"
EndProject
Project("{FAE04EC0-301F-11D3-BF4B-00C04F79EFBC}") = "Home", "Lab1\Home\Home.csproj", "{2A7ADE25-003D-4E71-9B3E-2F596ECC55C2}"
EndProject
Project("{FAE04EC0-301F-11D3-BF4B-00C04F79EFBC}") = "Lab1Main", "Lab1\Lab1Main\Lab1Main.csproj", "{DAADFFC1-4BA0-4702-8EE4-46547DE516F7}"
EndProject
Project("{2150E333-8FDC-42A3-9474-1A3956D46DE8}") = "Lab2", "Lab2", "{CAC46587-3F4E-4184-9402-8BE1E533F189}"
EndProject
Project("{FAE04EC0-301F-11D3-BF4B-00C04F79EFBC}") = "Lab2Main", "Lab2\Lab2Main\Lab2Main.csproj", "{A068E3BE-D9AE-4E21-8615-7368CCCE3D34}"
EndProject
Project("{FAE04EC0-301F-11D3-BF4B-00C04F79EFBC}") = "ComputerNetworks", "Lab2\ComputerNetworks\ComputerNetworks.csproj", "{95026A6B-4577-4906-9C86-B2FDD5A9E28F}"
EndProject
Project("{2150E333-8FDC-42A3-9474-1A3956D46DE8}") = "Lab3", "Lab3", "{80C36D9A-770F-4314-94F0-5F64DCE7265C}"
EndProject
Project("{FAE04EC0-301F-11D3-BF4B-00C04F79EFBC}") = "MainForm", "Lab3\MainForm\MainForm.csproj", "{7209D3F6-FB95-4B62-A567-6D04375A4632}"
EndProject
Project("{FAE04EC0-301F-11D3-BF4B-00C04F79EFBC}") = "MeansTranporation", "Lab3\MeansTranporation\MeansTranporation.csproj", "{FE999378-1B62-416D-A0A1-2D22B4AAD243}"
EndProject
Project("{FAE04EC0-301F-11D3-BF4B-00C04F79EFBC}") = "ListObjects", "Lab3\ListObjects\ListObjects.csproj", "{C005827F-5FBA-4BB4-9F0A-DC19291CCEA5}"
EndProject
Project("{2150E333-8FDC-42A3-9474-1A3956D46DE8}") = "Lab4", "Lab4", "{FB2495A3-8AA5-497E-BBE0-061D97E87F3C}"
EndProject
Project("{FAE04EC0-301F-11D3-BF4B-00C04F79EFBC}") = "MainForm", "Lab4\MainForm\MainForm.csproj", "{43D299EF-9E86-437D-8983-A5ADD4C1EA20}"
EndProject
Project("{FAE04EC0-301F-11D3-BF4B-00C04F79EFBC}") = "MeansTranporationNew", "Lab4\MeansTranporationNew\MeansTranporationNew.csproj", "{33B53E52-F6E3-4D48-AA9B-8EBCBBACB50C}"
EndProject
Project("{2150E333-8FDC-42A3-9474-1A3956D46DE8}") = "Lab5", "Lab5", "{9A678958-2796-4DD5-9D06-3CF273340723}"
EndProject
Project("{FAE04EC0-301F-11D3-BF4B-00C04F79EFBC}") = "MainForm", "Lab5\MainForm\MainForm.csproj", "{360373EE-A3D2-4BE5-81FC-6C8A91D4EA6E}"
EndProject
Project("{FAE04EC0-301F-11D3-BF4B-00C04F79EFBC}") = "Models", "Lab5\Models\Models.csproj", "{74CF7624-FD2F-4B23-AC43-D3B0373B9E9A}"
EndProject
Project("{FAE04EC0-301F-11D3-BF4B-00C04F79EFBC}") = "HelpWindowInput", "HelpWindowInput\HelpWindowInput.csproj", "{621A52B3-F0D9-47FA-96D8-BA7A356A0A78}"
EndProject
Project("{2150E333-8FDC-42A3-9474-1A3956D46DE8}") = "UI", "UI", "{79C2999A-C095-4AB3-8770-81B37467A3EA}"
EndProject
Project("{2150E333-8FDC-42A3-9474-1A3956D46DE8}") = "Lab5_6", "Lab5_6", "{B9764C03-6C5C-4EFC-80C3-1DC6215079EE}"
EndProject
Project("{9A19103F-16F7-4668-BE54-9A1E7A4F7556}") = "Lab5_6Lib", "C:\Users\Maxim\Desktop\Lab5_6\Lab5_6Lib\Lab5_6Lib.csproj", "{F2FD739E-1635-46D1-901D-A095F87A7C37}"
EndProject
Project("{9A19103F-16F7-4668-BE54-9A1E7A4F7556}") = "Lab5_6Main", "C:\Users\Maxim\Desktop\Lab5_6\Lab5_6Main\Lab5_6Main.csproj", "{41B97A87-815F-47F4-ACA5-67671589C659}"
EndProject
Global
	GlobalSection(SolutionConfigurationPlatforms) = preSolution
		Debug|Any CPU = Debug|Any CPU
		Release|Any CPU = Release|Any CPU
	EndGlobalSection
	GlobalSection(ProjectConfigurationPlatforms) = postSolution
		{2A7ADE25-003D-4E71-9B3E-2F596ECC55C2}.Debug|Any CPU.ActiveCfg = Debug|Any CPU
		{2A7ADE25-003D-4E71-9B3E-2F596ECC55C2}.Debug|Any CPU.Build.0 = Debug|Any CPU
		{2A7ADE25-003D-4E71-9B3E-2F596ECC55C2}.Release|Any CPU.ActiveCfg = Release|Any CPU
		{2A7ADE25-003D-4E71-9B3E-2F596ECC55C2}.Release|Any CPU.Build.0 = Release|Any CPU
		{DAADFFC1-4BA0-4702-8EE4-46547DE516F7}.Debug|Any CPU.ActiveCfg = Debug|Any CPU
		{DAADFFC1-4BA0-4702-8EE4-46547DE516F7}.Debug|Any CPU.Build.0 = Debug|Any CPU
		{DAADFFC1-4BA0-4702-8EE4-46547DE516F7}.Release|Any CPU.ActiveCfg = Release|Any CPU
		{DAADFFC1-4BA0-4702-8EE4-46547DE516F7}.Release|Any CPU.Build.0 = Release|Any CPU
		{A068E3BE-D9AE-4E21-8615-7368CCCE3D34}.Debug|Any CPU.ActiveCfg = Debug|Any CPU
		{A068E3BE-D9AE-4E21-8615-7368CCCE3D34}.Debug|Any CPU.Build.0 = Debug|Any CPU
		{A068E3BE-D9AE-4E21-8615-7368CCCE3D34}.Release|Any CPU.ActiveCfg = Release|Any CPU
		{A068E3BE-D9AE-4E21-8615-7368CCCE3D34}.Release|Any CPU.Build.0 = Release|Any CPU
		{95026A6B-4577-4906-9C86-B2FDD5A9E28F}.Debug|Any CPU.ActiveCfg = Debug|Any CPU
		{95026A6B-4577-4906-9C86-B2FDD5A9E28F}.Debug|Any CPU.Build.0 = Debug|Any CPU
		{95026A6B-4577-4906-9C86-B2FDD5A9E28F}.Release|Any CPU.ActiveCfg = Release|Any CPU
		{95026A6B-4577-4906-9C86-B2FDD5A9E28F}.Release|Any CPU.Build.0 = Release|Any CPU
		{7209D3F6-FB95-4B62-A567-6D04375A4632}.Debug|Any CPU.ActiveCfg = Debug|Any CPU
		{7209D3F6-FB95-4B62-A567-6D04375A4632}.Debug|Any CPU.Build.0 = Debug|Any CPU
		{7209D3F6-FB95-4B62-A567-6D04375A4632}.Release|Any CPU.ActiveCfg = Release|Any CPU
		{7209D3F6-FB95-4B62-A567-6D04375A4632}.Release|Any CPU.Build.0 = Release|Any CPU
		{FE999378-1B62-416D-A0A1-2D22B4AAD243}.Debug|Any CPU.ActiveCfg = Debug|Any CPU
		{FE999378-1B62-416D-A0A1-2D22B4AAD243}.Debug|Any CPU.Build.0 = Debug|Any CPU
		{FE999378-1B62-416D-A0A1-2D22B4AAD243}.Release|Any CPU.ActiveCfg = Release|Any CPU
		{FE999378-1B62-416D-A0A1-2D22B4AAD243}.Release|Any CPU.Build.0 = Release|Any CPU
		{C005827F-5FBA-4BB4-9F0A-DC19291CCEA5}.Debug|Any CPU.ActiveCfg = Debug|Any CPU
		{C005827F-5FBA-4BB4-9F0A-DC19291CCEA5}.Debug|Any CPU.Build.0 = Debug|Any CPU
		{C005827F-5FBA-4BB4-9F0A-DC19291CCEA5}.Release|Any CPU.ActiveCfg = Release|Any CPU
		{C005827F-5FBA-4BB4-9F0A-DC19291CCEA5}.Release|Any CPU.Build.0 = Release|Any CPU
		{43D299EF-9E86-437D-8983-A5ADD4C1EA20}.Debug|Any CPU.ActiveCfg = Debug|Any CPU
		{43D299EF-9E86-437D-8983-A5ADD4C1EA20}.Debug|Any CPU.Build.0 = Debug|Any CPU
		{43D299EF-9E86-437D-8983-A5ADD4C1EA20}.Release|Any CPU.ActiveCfg = Release|Any CPU
		{43D299EF-9E86-437D-8983-A5ADD4C1EA20}.Release|Any CPU.Build.0 = Release|Any CPU
		{33B53E52-F6E3-4D48-AA9B-8EBCBBACB50C}.Debug|Any CPU.ActiveCfg = Debug|Any CPU
		{33B53E52-F6E3-4D48-AA9B-8EBCBBACB50C}.Debug|Any CPU.Build.0 = Debug|Any CPU
		{33B53E52-F6E3-4D48-AA9B-8EBCBBACB50C}.Release|Any CPU.ActiveCfg = Release|Any CPU
		{33B53E52-F6E3-4D48-AA9B-8EBCBBACB50C}.Release|Any CPU.Build.0 = Release|Any CPU
		{360373EE-A3D2-4BE5-81FC-6C8A91D4EA6E}.Debug|Any CPU.ActiveCfg = Debug|Any CPU
		{360373EE-A3D2-4BE5-81FC-6C8A91D4EA6E}.Debug|Any CPU.Build.0 = Debug|Any CPU
		{360373EE-A3D2-4BE5-81FC-6C8A91D4EA6E}.Release|Any CPU.ActiveCfg = Release|Any CPU
		{360373EE-A3D2-4BE5-81FC-6C8A91D4EA6E}.Release|Any CPU.Build.0 = Release|Any CPU
		{74CF7624-FD2F-4B23-AC43-D3B0373B9E9A}.Debug|Any CPU.ActiveCfg = Debug|Any CPU
		{74CF7624-FD2F-4B23-AC43-D3B0373B9E9A}.Debug|Any CPU.Build.0 = Debug|Any CPU
		{74CF7624-FD2F-4B23-AC43-D3B0373B9E9A}.Release|Any CPU.ActiveCfg = Release|Any CPU
		{74CF7624-FD2F-4B23-AC43-D3B0373B9E9A}.Release|Any CPU.Build.0 = Release|Any CPU
		{621A52B3-F0D9-47FA-96D8-BA7A356A0A78}.Debug|Any CPU.ActiveCfg = Debug|Any CPU
		{621A52B3-F0D9-47FA-96D8-BA7A356A0A78}.Debug|Any CPU.Build.0 = Debug|Any CPU
		{621A52B3-F0D9-47FA-96D8-BA7A356A0A78}.Release|Any CPU.ActiveCfg = Release|Any CPU
		{621A52B3-F0D9-47FA-96D8-BA7A356A0A78}.Release|Any CPU.Build.0 = Release|Any CPU
		{F2FD739E-1635-46D1-901D-A095F87A7C37}.Debug|Any CPU.ActiveCfg = Debug|Any CPU
		{F2FD739E-1635-46D1-901D-A095F87A7C37}.Debug|Any CPU.Build.0 = Debug|Any CPU
		{F2FD739E-1635-46D1-901D-A095F87A7C37}.Release|Any CPU.ActiveCfg = Release|Any CPU
		{F2FD739E-1635-46D1-901D-A095F87A7C37}.Release|Any CPU.Build.0 = Release|Any CPU
		{41B97A87-815F-47F4-ACA5-67671589C659}.Debug|Any CPU.ActiveCfg = Debug|Any CPU
		{41B97A87-815F-47F4-ACA5-67671589C659}.Debug|Any CPU.Build.0 = Debug|Any CPU
		{41B97A87-815F-47F4-ACA5-67671589C659}.Release|Any CPU.ActiveCfg = Release|Any CPU
		{41B97A87-815F-47F4-ACA5-67671589C659}.Release|Any CPU.Build.0 = Release|Any CPU
	EndGlobalSection
	GlobalSection(SolutionProperties) = preSolution
		HideSolutionNode = FALSE
	EndGlobalSection
	GlobalSection(NestedProjects) = preSolution
		{2A7ADE25-003D-4E71-9B3E-2F596ECC55C2} = {ACF5CA24-7B6E-4664-AA60-F3B71808B427}
		{DAADFFC1-4BA0-4702-8EE4-46547DE516F7} = {ACF5CA24-7B6E-4664-AA60-F3B71808B427}
		{A068E3BE-D9AE-4E21-8615-7368CCCE3D34} = {79C2999A-C095-4AB3-8770-81B37467A3EA}
		{95026A6B-4577-4906-9C86-B2FDD5A9E28F} = {CAC46587-3F4E-4184-9402-8BE1E533F189}
		{7209D3F6-FB95-4B62-A567-6D04375A4632} = {80C36D9A-770F-4314-94F0-5F64DCE7265C}
		{FE999378-1B62-416D-A0A1-2D22B4AAD243} = {80C36D9A-770F-4314-94F0-5F64DCE7265C}
		{C005827F-5FBA-4BB4-9F0A-DC19291CCEA5} = {80C36D9A-770F-4314-94F0-5F64DCE7265C}
		{43D299EF-9E86-437D-8983-A5ADD4C1EA20} = {FB2495A3-8AA5-497E-BBE0-061D97E87F3C}
		{33B53E52-F6E3-4D48-AA9B-8EBCBBACB50C} = {FB2495A3-8AA5-497E-BBE0-061D97E87F3C}
		{360373EE-A3D2-4BE5-81FC-6C8A91D4EA6E} = {9A678958-2796-4DD5-9D06-3CF273340723}
		{74CF7624-FD2F-4B23-AC43-D3B0373B9E9A} = {9A678958-2796-4DD5-9D06-3CF273340723}
		{79C2999A-C095-4AB3-8770-81B37467A3EA} = {CAC46587-3F4E-4184-9402-8BE1E533F189}
		{F2FD739E-1635-46D1-901D-A095F87A7C37} = {B9764C03-6C5C-4EFC-80C3-1DC6215079EE}
		{41B97A87-815F-47F4-ACA5-67671589C659} = {B9764C03-6C5C-4EFC-80C3-1DC6215079EE}
	EndGlobalSection
	GlobalSection(ExtensibilityGlobals) = postSolution
		SolutionGuid = {1B32EDBF-FB6A-458E-A99C-AB77CF7C2382}
	EndGlobalSection
EndGlobal
